// !$*UTF8*$!
{
	archiveVersion = 1;
	classes = {
	};
	objectVersion = 46;
	objects = {

/* Begin PBXBuildFile section */
		4C1DF5DD14F60B6E00AE7949 /* UIKit.framework in Frameworks */ = {isa = PBXBuildFile; fileRef = 4C1DF5DC14F60B6E00AE7949 /* UIKit.framework */; };
		4C1DF5DF14F60B6E00AE7949 /* Foundation.framework in Frameworks */ = {isa = PBXBuildFile; fileRef = 4C1DF5DE14F60B6E00AE7949 /* Foundation.framework */; };
		4C1DF5E114F60B6E00AE7949 /* CoreGraphics.framework in Frameworks */ = {isa = PBXBuildFile; fileRef = 4C1DF5E014F60B6E00AE7949 /* CoreGraphics.framework */; };
		4C1DF5E714F60B6E00AE7949 /* InfoPlist.strings in Resources */ = {isa = PBXBuildFile; fileRef = 4C1DF5E514F60B6E00AE7949 /* InfoPlist.strings */; };
		4C1DF5E914F60B6E00AE7949 /* main.m in Sources */ = {isa = PBXBuildFile; fileRef = 4C1DF5E814F60B6E00AE7949 /* main.m */; };
		4C1DF5ED14F60B6E00AE7949 /* AppDelegate.m in Sources */ = {isa = PBXBuildFile; fileRef = 4C1DF5EC14F60B6E00AE7949 /* AppDelegate.m */; };
		4C1DF5F014F60B6E00AE7949 /* NumberBadgeViewController.m in Sources */ = {isa = PBXBuildFile; fileRef = 4C1DF5EF14F60B6E00AE7949 /* NumberBadgeViewController.m */; };
		4C1DF5F214F60B6E00AE7949 /* first.png in Resources */ = {isa = PBXBuildFile; fileRef = 4C1DF5F114F60B6E00AE7949 /* first.png */; };
		4C1DF5F414F60B6E00AE7949 /* first@2x.png in Resources */ = {isa = PBXBuildFile; fileRef = 4C1DF5F314F60B6E00AE7949 /* first@2x.png */; };
		4C1DF5F714F60B6E00AE7949 /* NetworkImageViewController.m in Sources */ = {isa = PBXBuildFile; fileRef = 4C1DF5F614F60B6E00AE7949 /* NetworkImageViewController.m */; };
		4C1DF5F914F60B6E00AE7949 /* second.png in Resources */ = {isa = PBXBuildFile; fileRef = 4C1DF5F814F60B6E00AE7949 /* second.png */; };
		4C1DF5FB14F60B6E00AE7949 /* second@2x.png in Resources */ = {isa = PBXBuildFile; fileRef = 4C1DF5FA14F60B6E00AE7949 /* second@2x.png */; };
		4C1DF5FE14F60B6E00AE7949 /* NumberBadgeViewController.xib in Resources */ = {isa = PBXBuildFile; fileRef = 4C1DF5FC14F60B6E00AE7949 /* NumberBadgeViewController.xib */; };
		4C1DF60114F60B6E00AE7949 /* NetworkImageViewController.xib in Resources */ = {isa = PBXBuildFile; fileRef = 4C1DF5FF14F60B6E00AE7949 /* NetworkImageViewController.xib */; };
		4C1DF61B14F60C0A00AE7949 /* MKSwitchControlTableViewCell.m in Sources */ = {isa = PBXBuildFile; fileRef = 4C1DF60E14F60C0A00AE7949 /* MKSwitchControlTableViewCell.m */; settings = {COMPILER_FLAGS = "-fno-objc-arc"; }; };
		4C1DF61C14F60C0A00AE7949 /* MKNetworkImageView.m in Sources */ = {isa = PBXBuildFile; fileRef = 4C1DF61214F60C0A00AE7949 /* MKNetworkImageView.m */; settings = {COMPILER_FLAGS = "-fno-objc-arc"; }; };
		4C1DF61D14F60C0A00AE7949 /* MKNumberBadgeView.m in Sources */ = {isa = PBXBuildFile; fileRef = 4C1DF61514F60C0A00AE7949 /* MKNumberBadgeView.m */; settings = {COMPILER_FLAGS = "-fno-objc-arc"; }; };
		4C1DF61E14F60C0A00AE7949 /* MKSoundCoordinatedAnimationLayer.m in Sources */ = {isa = PBXBuildFile; fileRef = 4C1DF61814F60C0A00AE7949 /* MKSoundCoordinatedAnimationLayer.m */; settings = {COMPILER_FLAGS = "-fno-objc-arc"; }; };
		4C1DF61F14F60C0A00AE7949 /* MKSoundCoordinatedAnimationView.m in Sources */ = {isa = PBXBuildFile; fileRef = 4C1DF61A14F60C0A00AE7949 /* MKSoundCoordinatedAnimationView.m */; settings = {COMPILER_FLAGS = "-fno-objc-arc"; }; };
		4C1DF62214F60F6000AE7949 /* QuartzCore.framework in Frameworks */ = {isa = PBXBuildFile; fileRef = 4C1DF62114F60F6000AE7949 /* QuartzCore.framework */; };
		4C1DF62414F60FB700AE7949 /* AVFoundation.framework in Frameworks */ = {isa = PBXBuildFile; fileRef = 4C1DF62314F60FB700AE7949 /* AVFoundation.framework */; };
		4C1DF62714F61C7500AE7949 /* TableViewCellsViewController.m in Sources */ = {isa = PBXBuildFile; fileRef = 4C1DF62614F61C7400AE7949 /* TableViewCellsViewController.m */; };
		4C1DF62A14F624A500AE7949 /* third.png in Resources */ = {isa = PBXBuildFile; fileRef = 4C1DF62814F624A500AE7949 /* third.png */; };
		4C1DF62B14F624A500AE7949 /* third@2x.png in Resources */ = {isa = PBXBuildFile; fileRef = 4C1DF62914F624A500AE7949 /* third@2x.png */; };
		4C3FC4A51812EB7100A60DF4 /* MKParentalGateViewController.m in Sources */ = {isa = PBXBuildFile; fileRef = 4C3FC4A31812EB7100A60DF4 /* MKParentalGateViewController.m */; };
		4C3FC4A91813B4C200A60DF4 /* MKParentalGateTouchTargetView.m in Sources */ = {isa = PBXBuildFile; fileRef = 4C3FC4A81813B4C200A60DF4 /* MKParentalGateTouchTargetView.m */; };
		4C3FC4AD1813B9C500A60DF4 /* stop.png in Resources */ = {isa = PBXBuildFile; fileRef = 4C3FC4AB1813B9C500A60DF4 /* stop.png */; };
		4C3FC4AE1813B9C500A60DF4 /* stop@2x.png in Resources */ = {isa = PBXBuildFile; fileRef = 4C3FC4AC1813B9C500A60DF4 /* stop@2x.png */; };
		4C3FC4B1181455CA00A60DF4 /* MKParentalGateTouchCancelView.m in Sources */ = {isa = PBXBuildFile; fileRef = 4C3FC4B0181455CA00A60DF4 /* MKParentalGateTouchCancelView.m */; };
		4C3FC4B5181459CB00A60DF4 /* ParentalGateSuccessViewController.m in Sources */ = {isa = PBXBuildFile; fileRef = 4C3FC4B3181459CB00A60DF4 /* ParentalGateSuccessViewController.m */; };
		4C3FC4B6181459CB00A60DF4 /* ParentalGateSuccessViewController.xib in Resources */ = {isa = PBXBuildFile; fileRef = 4C3FC4B4181459CB00A60DF4 /* ParentalGateSuccessViewController.xib */; };
		4C498D8518259FA600E6754A /* MKParentalGateViewController~landscape.xib in Resources */ = {isa = PBXBuildFile; fileRef = 4C498D8118259FA600E6754A /* MKParentalGateViewController~landscape.xib */; };
		4C498D8618259FA600E6754A /* MKParentalGateViewController~portrait.xib in Resources */ = {isa = PBXBuildFile; fileRef = 4C498D8318259FA600E6754A /* MKParentalGateViewController~portrait.xib */; };
		4C5304091812E57700F67459 /* MKParentalGate.m in Sources */ = {isa = PBXBuildFile; fileRef = 4C5304081812E57700F67459 /* MKParentalGate.m */; };
		4C5865A4176E27E4002AA16F /* Default-568h@2x.png in Resources */ = {isa = PBXBuildFile; fileRef = 4C5865A3176E27E4002AA16F /* Default-568h@2x.png */; };
		4C8FD91B15CF2620005A36C9 /* facebook.png in Resources */ = {isa = PBXBuildFile; fileRef = 4C8FD90D15CF2620005A36C9 /* facebook.png */; };
		4C8FD91C15CF2620005A36C9 /* facebook@2x.png in Resources */ = {isa = PBXBuildFile; fileRef = 4C8FD90E15CF2620005A36C9 /* facebook@2x.png */; };
		4C8FD91F15CF2620005A36C9 /* twitter.png in Resources */ = {isa = PBXBuildFile; fileRef = 4C8FD91115CF2620005A36C9 /* twitter.png */; };
		4C8FD92015CF2620005A36C9 /* twitter@2x.png in Resources */ = {isa = PBXBuildFile; fileRef = 4C8FD91215CF2620005A36C9 /* twitter@2x.png */; };
		4C8FD92515CF2620005A36C9 /* weibo.png in Resources */ = {isa = PBXBuildFile; fileRef = 4C8FD91715CF2620005A36C9 /* weibo.png */; };
		4C8FD92615CF2620005A36C9 /* weibo@2x.png in Resources */ = {isa = PBXBuildFile; fileRef = 4C8FD91815CF2620005A36C9 /* weibo@2x.png */; };
		4C98654A15311A28006F05EB /* fourth.png in Resources */ = {isa = PBXBuildFile; fileRef = 4C98654815311A28006F05EB /* fourth.png */; };
		4C98654B15311A28006F05EB /* fourth@2x.png in Resources */ = {isa = PBXBuildFile; fileRef = 4C98654915311A28006F05EB /* fourth@2x.png */; };
		4C98655515311AE0006F05EB /* AnimationLayerViewController.m in Sources */ = {isa = PBXBuildFile; fileRef = 4C98655315311AE0006F05EB /* AnimationLayerViewController.m */; };
		4C98655615311AE0006F05EB /* AnimationLayerViewController.xib in Resources */ = {isa = PBXBuildFile; fileRef = 4C98655415311AE0006F05EB /* AnimationLayerViewController.xib */; };
		4C98655915311F45006F05EB /* animating_shape.png in Resources */ = {isa = PBXBuildFile; fileRef = 4C98655715311F45006F05EB /* animating_shape.png */; };
		4C98655A15311F45006F05EB /* animating_shape@2x.png in Resources */ = {isa = PBXBuildFile; fileRef = 4C98655815311F45006F05EB /* animating_shape@2x.png */; };
		4C98655C15311F74006F05EB /* AnimationConfig.plist in Resources */ = {isa = PBXBuildFile; fileRef = 4C98655B15311F74006F05EB /* AnimationConfig.plist */; };
		4C98656515312109006F05EB /* animating_shape_01.png in Resources */ = {isa = PBXBuildFile; fileRef = 4C98655D15312108006F05EB /* animating_shape_01.png */; };
		4C98656615312109006F05EB /* animating_shape_01@2x.png in Resources */ = {isa = PBXBuildFile; fileRef = 4C98655E15312108006F05EB /* animating_shape_01@2x.png */; };
		4C98656715312109006F05EB /* animating_shape_02.png in Resources */ = {isa = PBXBuildFile; fileRef = 4C98655F15312108006F05EB /* animating_shape_02.png */; };
		4C98656815312109006F05EB /* animating_shape_02@2x.png in Resources */ = {isa = PBXBuildFile; fileRef = 4C98656015312108006F05EB /* animating_shape_02@2x.png */; };
		4C98656915312109006F05EB /* animating_shape_03.png in Resources */ = {isa = PBXBuildFile; fileRef = 4C98656115312109006F05EB /* animating_shape_03.png */; };
		4C98656A15312109006F05EB /* animating_shape_03@2x.png in Resources */ = {isa = PBXBuildFile; fileRef = 4C98656215312109006F05EB /* animating_shape_03@2x.png */; };
		4C98656B15312109006F05EB /* animating_shape_04.png in Resources */ = {isa = PBXBuildFile; fileRef = 4C98656315312109006F05EB /* animating_shape_04.png */; };
		4C98656C15312109006F05EB /* animating_shape_04@2x.png in Resources */ = {isa = PBXBuildFile; fileRef = 4C98656415312109006F05EB /* animating_shape_04@2x.png */; };
		4C98656F15312261006F05EB /* AnimationConfigModel.m in Sources */ = {isa = PBXBuildFile; fileRef = 4C98656E15312260006F05EB /* AnimationConfigModel.m */; };
		4C9C91FD17F7B1B00051E0BF /* MKTouchTrackingView.m in Sources */ = {isa = PBXBuildFile; fileRef = 4C9C91FC17F7B1B00051E0BF /* MKTouchTrackingView.m */; };
		4C9C920017F7B33C0051E0BF /* MKTouchTrackingAnimationView.m in Sources */ = {isa = PBXBuildFile; fileRef = 4C9C91FF17F7B33C0051E0BF /* MKTouchTrackingAnimationView.m */; };
		4C9C920317F7B41C0051E0BF /* TouchBeepingAnimationView.m in Sources */ = {isa = PBXBuildFile; fileRef = 4C9C920217F7B41C0051E0BF /* TouchBeepingAnimationView.m */; };
		4C9C920517F7B5950051E0BF /* beep-timber.aif in Resources */ = {isa = PBXBuildFile; fileRef = 4C9C920417F7B5950051E0BF /* beep-timber.aif */; };
		4CAE1D4315A9E0CA007A9C07 /* Social.framework in Frameworks */ = {isa = PBXBuildFile; fileRef = 4CAE1D4215A9E0CA007A9C07 /* Social.framework */; settings = {ATTRIBUTES = (Weak, ); }; };
		4CAE1D4615A9E0F7007A9C07 /* MKSocialShareTableViewCell.m in Sources */ = {isa = PBXBuildFile; fileRef = 4CAE1D4515A9E0F7007A9C07 /* MKSocialShareTableViewCell.m */; };
		4CBC7025150CA17A00AE63B5 /* MKIconCheckmarkTableViewCell.m in Sources */ = {isa = PBXBuildFile; fileRef = 4CBC7024150CA17A00AE63B5 /* MKIconCheckmarkTableViewCell.m */; settings = {COMPILER_FLAGS = "-fno-objc-arc"; }; };
		4CBC702D150CA25100AE63B5 /* checkmarkicon_empty.png in Resources */ = {isa = PBXBuildFile; fileRef = 4CBC7027150CA25100AE63B5 /* checkmarkicon_empty.png */; };
		4CBC702E150CA25100AE63B5 /* checkmarkicon_empty@2x.png in Resources */ = {isa = PBXBuildFile; fileRef = 4CBC7028150CA25100AE63B5 /* checkmarkicon_empty@2x.png */; };
		4CBC7031150CA25100AE63B5 /* checkmarkicon_on.png in Resources */ = {isa = PBXBuildFile; fileRef = 4CBC702B150CA25100AE63B5 /* checkmarkicon_on.png */; };
		4CBC7032150CA25100AE63B5 /* checkmarkicon_on@2x.png in Resources */ = {isa = PBXBuildFile; fileRef = 4CBC702C150CA25100AE63B5 /* checkmarkicon_on@2x.png */; };
		4CE19BE31818D74300A459F9 /* MKParentalGateViewController~ipad.xib in Resources */ = {isa = PBXBuildFile; fileRef = 4CE19BE11818D74300A459F9 /* MKParentalGateViewController~ipad.xib */; };
		4CE19BE81818DDB800A459F9 /* top-dot.png in Resources */ = {isa = PBXBuildFile; fileRef = 4CE19BE41818DDB800A459F9 /* top-dot.png */; };
		4CE19BE91818DDB800A459F9 /* top-dot@2x.png in Resources */ = {isa = PBXBuildFile; fileRef = 4CE19BE51818DDB800A459F9 /* top-dot@2x.png */; };
		4CE19BEA1818DDB800A459F9 /* bottom-dot.png in Resources */ = {isa = PBXBuildFile; fileRef = 4CE19BE61818DDB800A459F9 /* bottom-dot.png */; };
		4CE19BEB1818DDB800A459F9 /* bottom-dot@2x.png in Resources */ = {isa = PBXBuildFile; fileRef = 4CE19BE71818DDB800A459F9 /* bottom-dot@2x.png */; };
/* End PBXBuildFile section */

/* Begin PBXFileReference section */
		4C1DF5D814F60B6E00AE7949 /* iPhoneMK Sample App.app */ = {isa = PBXFileReference; explicitFileType = wrapper.application; includeInIndex = 0; path = "iPhoneMK Sample App.app"; sourceTree = BUILT_PRODUCTS_DIR; };
		4C1DF5DC14F60B6E00AE7949 /* UIKit.framework */ = {isa = PBXFileReference; lastKnownFileType = wrapper.framework; name = UIKit.framework; path = System/Library/Frameworks/UIKit.framework; sourceTree = SDKROOT; };
		4C1DF5DE14F60B6E00AE7949 /* Foundation.framework */ = {isa = PBXFileReference; lastKnownFileType = wrapper.framework; name = Foundation.framework; path = System/Library/Frameworks/Foundation.framework; sourceTree = SDKROOT; };
		4C1DF5E014F60B6E00AE7949 /* CoreGraphics.framework */ = {isa = PBXFileReference; lastKnownFileType = wrapper.framework; name = CoreGraphics.framework; path = System/Library/Frameworks/CoreGraphics.framework; sourceTree = SDKROOT; };
		4C1DF5E414F60B6E00AE7949 /* iPhoneMK Sample App-Info.plist */ = {isa = PBXFileReference; lastKnownFileType = text.plist.xml; path = "iPhoneMK Sample App-Info.plist"; sourceTree = "<group>"; };
		4C1DF5E614F60B6E00AE7949 /* en */ = {isa = PBXFileReference; lastKnownFileType = text.plist.strings; name = en; path = en.lproj/InfoPlist.strings; sourceTree = "<group>"; };
		4C1DF5E814F60B6E00AE7949 /* main.m */ = {isa = PBXFileReference; lastKnownFileType = sourcecode.c.objc; path = main.m; sourceTree = "<group>"; };
		4C1DF5EA14F60B6E00AE7949 /* iPhoneMK Sample App-Prefix.pch */ = {isa = PBXFileReference; lastKnownFileType = sourcecode.c.h; path = "iPhoneMK Sample App-Prefix.pch"; sourceTree = "<group>"; };
		4C1DF5EB14F60B6E00AE7949 /* AppDelegate.h */ = {isa = PBXFileReference; lastKnownFileType = sourcecode.c.h; path = AppDelegate.h; sourceTree = "<group>"; };
		4C1DF5EC14F60B6E00AE7949 /* AppDelegate.m */ = {isa = PBXFileReference; lastKnownFileType = sourcecode.c.objc; path = AppDelegate.m; sourceTree = "<group>"; };
		4C1DF5EE14F60B6E00AE7949 /* NumberBadgeViewController.h */ = {isa = PBXFileReference; lastKnownFileType = sourcecode.c.h; path = NumberBadgeViewController.h; sourceTree = "<group>"; };
		4C1DF5EF14F60B6E00AE7949 /* NumberBadgeViewController.m */ = {isa = PBXFileReference; lastKnownFileType = sourcecode.c.objc; path = NumberBadgeViewController.m; sourceTree = "<group>"; };
		4C1DF5F114F60B6E00AE7949 /* first.png */ = {isa = PBXFileReference; lastKnownFileType = image.png; path = first.png; sourceTree = "<group>"; };
		4C1DF5F314F60B6E00AE7949 /* first@2x.png */ = {isa = PBXFileReference; lastKnownFileType = image.png; path = "first@2x.png"; sourceTree = "<group>"; };
		4C1DF5F514F60B6E00AE7949 /* NetworkImageViewController.h */ = {isa = PBXFileReference; lastKnownFileType = sourcecode.c.h; path = NetworkImageViewController.h; sourceTree = "<group>"; };
		4C1DF5F614F60B6E00AE7949 /* NetworkImageViewController.m */ = {isa = PBXFileReference; lastKnownFileType = sourcecode.c.objc; path = NetworkImageViewController.m; sourceTree = "<group>"; };
		4C1DF5F814F60B6E00AE7949 /* second.png */ = {isa = PBXFileReference; lastKnownFileType = image.png; path = second.png; sourceTree = "<group>"; };
		4C1DF5FA14F60B6E00AE7949 /* second@2x.png */ = {isa = PBXFileReference; lastKnownFileType = image.png; path = "second@2x.png"; sourceTree = "<group>"; };
		4C1DF5FD14F60B6E00AE7949 /* en */ = {isa = PBXFileReference; lastKnownFileType = file.xib; name = en; path = en.lproj/NumberBadgeViewController.xib; sourceTree = "<group>"; };
		4C1DF60014F60B6E00AE7949 /* en */ = {isa = PBXFileReference; lastKnownFileType = file.xib; name = en; path = en.lproj/NetworkImageViewController.xib; sourceTree = "<group>"; };
		4C1DF60D14F60C0A00AE7949 /* MKSwitchControlTableViewCell.h */ = {isa = PBXFileReference; fileEncoding = 4; lastKnownFileType = sourcecode.c.h; path = MKSwitchControlTableViewCell.h; sourceTree = "<group>"; };
		4C1DF60E14F60C0A00AE7949 /* MKSwitchControlTableViewCell.m */ = {isa = PBXFileReference; fileEncoding = 4; lastKnownFileType = sourcecode.c.objc; path = MKSwitchControlTableViewCell.m; sourceTree = "<group>"; };
		4C1DF61114F60C0A00AE7949 /* MKNetworkImageView.h */ = {isa = PBXFileReference; fileEncoding = 4; lastKnownFileType = sourcecode.c.h; path = MKNetworkImageView.h; sourceTree = "<group>"; };
		4C1DF61214F60C0A00AE7949 /* MKNetworkImageView.m */ = {isa = PBXFileReference; fileEncoding = 4; lastKnownFileType = sourcecode.c.objc; path = MKNetworkImageView.m; sourceTree = "<group>"; };
		4C1DF61414F60C0A00AE7949 /* MKNumberBadgeView.h */ = {isa = PBXFileReference; fileEncoding = 4; lastKnownFileType = sourcecode.c.h; path = MKNumberBadgeView.h; sourceTree = "<group>"; };
		4C1DF61514F60C0A00AE7949 /* MKNumberBadgeView.m */ = {isa = PBXFileReference; fileEncoding = 4; lastKnownFileType = sourcecode.c.objc; path = MKNumberBadgeView.m; sourceTree = "<group>"; };
		4C1DF61714F60C0A00AE7949 /* MKSoundCoordinatedAnimationLayer.h */ = {isa = PBXFileReference; fileEncoding = 4; lastKnownFileType = sourcecode.c.h; path = MKSoundCoordinatedAnimationLayer.h; sourceTree = "<group>"; };
		4C1DF61814F60C0A00AE7949 /* MKSoundCoordinatedAnimationLayer.m */ = {isa = PBXFileReference; fileEncoding = 4; lastKnownFileType = sourcecode.c.objc; path = MKSoundCoordinatedAnimationLayer.m; sourceTree = "<group>"; };
		4C1DF61914F60C0A00AE7949 /* MKSoundCoordinatedAnimationView.h */ = {isa = PBXFileReference; fileEncoding = 4; lastKnownFileType = sourcecode.c.h; path = MKSoundCoordinatedAnimationView.h; sourceTree = "<group>"; };
		4C1DF61A14F60C0A00AE7949 /* MKSoundCoordinatedAnimationView.m */ = {isa = PBXFileReference; fileEncoding = 4; lastKnownFileType = sourcecode.c.objc; path = MKSoundCoordinatedAnimationView.m; sourceTree = "<group>"; };
		4C1DF62114F60F6000AE7949 /* QuartzCore.framework */ = {isa = PBXFileReference; lastKnownFileType = wrapper.framework; name = QuartzCore.framework; path = System/Library/Frameworks/QuartzCore.framework; sourceTree = SDKROOT; };
		4C1DF62314F60FB700AE7949 /* AVFoundation.framework */ = {isa = PBXFileReference; lastKnownFileType = wrapper.framework; name = AVFoundation.framework; path = System/Library/Frameworks/AVFoundation.framework; sourceTree = SDKROOT; };
		4C1DF62514F61C7400AE7949 /* TableViewCellsViewController.h */ = {isa = PBXFileReference; fileEncoding = 4; lastKnownFileType = sourcecode.c.h; path = TableViewCellsViewController.h; sourceTree = "<group>"; };
		4C1DF62614F61C7400AE7949 /* TableViewCellsViewController.m */ = {isa = PBXFileReference; fileEncoding = 4; lastKnownFileType = sourcecode.c.objc; path = TableViewCellsViewController.m; sourceTree = "<group>"; };
		4C1DF62814F624A500AE7949 /* third.png */ = {isa = PBXFileReference; lastKnownFileType = image.png; path = third.png; sourceTree = "<group>"; };
		4C1DF62914F624A500AE7949 /* third@2x.png */ = {isa = PBXFileReference; lastKnownFileType = image.png; path = "third@2x.png"; sourceTree = "<group>"; };
		4C3FC4A21812EB7100A60DF4 /* MKParentalGateViewController.h */ = {isa = PBXFileReference; fileEncoding = 4; lastKnownFileType = sourcecode.c.h; path = MKParentalGateViewController.h; sourceTree = "<group>"; };
		4C3FC4A31812EB7100A60DF4 /* MKParentalGateViewController.m */ = {isa = PBXFileReference; fileEncoding = 4; lastKnownFileType = sourcecode.c.objc; path = MKParentalGateViewController.m; sourceTree = "<group>"; };
		4C3FC4A71813B4C200A60DF4 /* MKParentalGateTouchTargetView.h */ = {isa = PBXFileReference; fileEncoding = 4; lastKnownFileType = sourcecode.c.h; path = MKParentalGateTouchTargetView.h; sourceTree = "<group>"; };
		4C3FC4A81813B4C200A60DF4 /* MKParentalGateTouchTargetView.m */ = {isa = PBXFileReference; fileEncoding = 4; lastKnownFileType = sourcecode.c.objc; path = MKParentalGateTouchTargetView.m; sourceTree = "<group>"; };
		4C3FC4AB1813B9C500A60DF4 /* stop.png */ = {isa = PBXFileReference; lastKnownFileType = image.png; path = stop.png; sourceTree = "<group>"; };
		4C3FC4AC1813B9C500A60DF4 /* stop@2x.png */ = {isa = PBXFileReference; lastKnownFileType = image.png; path = "stop@2x.png"; sourceTree = "<group>"; };
		4C3FC4AF181455CA00A60DF4 /* MKParentalGateTouchCancelView.h */ = {isa = PBXFileReference; fileEncoding = 4; lastKnownFileType = sourcecode.c.h; path = MKParentalGateTouchCancelView.h; sourceTree = "<group>"; };
		4C3FC4B0181455CA00A60DF4 /* MKParentalGateTouchCancelView.m */ = {isa = PBXFileReference; fileEncoding = 4; lastKnownFileType = sourcecode.c.objc; path = MKParentalGateTouchCancelView.m; sourceTree = "<group>"; };
		4C3FC4B2181459CB00A60DF4 /* ParentalGateSuccessViewController.h */ = {isa = PBXFileReference; fileEncoding = 4; lastKnownFileType = sourcecode.c.h; path = ParentalGateSuccessViewController.h; sourceTree = "<group>"; };
		4C3FC4B3181459CB00A60DF4 /* ParentalGateSuccessViewController.m */ = {isa = PBXFileReference; fileEncoding = 4; lastKnownFileType = sourcecode.c.objc; path = ParentalGateSuccessViewController.m; sourceTree = "<group>"; };
		4C3FC4B4181459CB00A60DF4 /* ParentalGateSuccessViewController.xib */ = {isa = PBXFileReference; fileEncoding = 4; lastKnownFileType = file.xib; path = ParentalGateSuccessViewController.xib; sourceTree = "<group>"; };
		4C498D8218259FA600E6754A /* en */ = {isa = PBXFileReference; lastKnownFileType = file.xib; name = en; path = "en.lproj/MKParentalGateViewController~landscape.xib"; sourceTree = "<group>"; };
		4C498D8418259FA600E6754A /* en */ = {isa = PBXFileReference; lastKnownFileType = file.xib; name = en; path = "en.lproj/MKParentalGateViewController~portrait.xib"; sourceTree = "<group>"; };
		4C5304071812E57700F67459 /* MKParentalGate.h */ = {isa = PBXFileReference; fileEncoding = 4; lastKnownFileType = sourcecode.c.h; path = MKParentalGate.h; sourceTree = "<group>"; };
		4C5304081812E57700F67459 /* MKParentalGate.m */ = {isa = PBXFileReference; fileEncoding = 4; lastKnownFileType = sourcecode.c.objc; path = MKParentalGate.m; sourceTree = "<group>"; };
		4C5865A3176E27E4002AA16F /* Default-568h@2x.png */ = {isa = PBXFileReference; lastKnownFileType = image.png; name = "Default-568h@2x.png"; path = "../Default-568h@2x.png"; sourceTree = "<group>"; };
		4C8FD90D15CF2620005A36C9 /* facebook.png */ = {isa = PBXFileReference; lastKnownFileType = image.png; path = facebook.png; sourceTree = "<group>"; };
		4C8FD90E15CF2620005A36C9 /* facebook@2x.png */ = {isa = PBXFileReference; lastKnownFileType = image.png; path = "facebook@2x.png"; sourceTree = "<group>"; };
		4C8FD91115CF2620005A36C9 /* twitter.png */ = {isa = PBXFileReference; lastKnownFileType = image.png; path = twitter.png; sourceTree = "<group>"; };
		4C8FD91215CF2620005A36C9 /* twitter@2x.png */ = {isa = PBXFileReference; lastKnownFileType = image.png; path = "twitter@2x.png"; sourceTree = "<group>"; };
		4C8FD91715CF2620005A36C9 /* weibo.png */ = {isa = PBXFileReference; lastKnownFileType = image.png; path = weibo.png; sourceTree = "<group>"; };
		4C8FD91815CF2620005A36C9 /* weibo@2x.png */ = {isa = PBXFileReference; lastKnownFileType = image.png; path = "weibo@2x.png"; sourceTree = "<group>"; };
		4C98654815311A28006F05EB /* fourth.png */ = {isa = PBXFileReference; lastKnownFileType = image.png; path = fourth.png; sourceTree = "<group>"; };
		4C98654915311A28006F05EB /* fourth@2x.png */ = {isa = PBXFileReference; lastKnownFileType = image.png; path = "fourth@2x.png"; sourceTree = "<group>"; };
		4C98655215311AE0006F05EB /* AnimationLayerViewController.h */ = {isa = PBXFileReference; fileEncoding = 4; lastKnownFileType = sourcecode.c.h; path = AnimationLayerViewController.h; sourceTree = "<group>"; };
		4C98655315311AE0006F05EB /* AnimationLayerViewController.m */ = {isa = PBXFileReference; fileEncoding = 4; lastKnownFileType = sourcecode.c.objc; path = AnimationLayerViewController.m; sourceTree = "<group>"; };
		4C98655415311AE0006F05EB /* AnimationLayerViewController.xib */ = {isa = PBXFileReference; fileEncoding = 4; lastKnownFileType = file.xib; name = AnimationLayerViewController.xib; path = en.lproj/AnimationLayerViewController.xib; sourceTree = "<group>"; };
		4C98655715311F45006F05EB /* animating_shape.png */ = {isa = PBXFileReference; lastKnownFileType = image.png; path = animating_shape.png; sourceTree = "<group>"; };
		4C98655815311F45006F05EB /* animating_shape@2x.png */ = {isa = PBXFileReference; lastKnownFileType = image.png; path = "animating_shape@2x.png"; sourceTree = "<group>"; };
		4C98655B15311F74006F05EB /* AnimationConfig.plist */ = {isa = PBXFileReference; fileEncoding = 4; lastKnownFileType = text.plist.xml; path = AnimationConfig.plist; sourceTree = "<group>"; };
		4C98655D15312108006F05EB /* animating_shape_01.png */ = {isa = PBXFileReference; lastKnownFileType = image.png; path = animating_shape_01.png; sourceTree = "<group>"; };
		4C98655E15312108006F05EB /* animating_shape_01@2x.png */ = {isa = PBXFileReference; lastKnownFileType = image.png; path = "animating_shape_01@2x.png"; sourceTree = "<group>"; };
		4C98655F15312108006F05EB /* animating_shape_02.png */ = {isa = PBXFileReference; lastKnownFileType = image.png; path = animating_shape_02.png; sourceTree = "<group>"; };
		4C98656015312108006F05EB /* animating_shape_02@2x.png */ = {isa = PBXFileReference; lastKnownFileType = image.png; path = "animating_shape_02@2x.png"; sourceTree = "<group>"; };
		4C98656115312109006F05EB /* animating_shape_03.png */ = {isa = PBXFileReference; lastKnownFileType = image.png; path = animating_shape_03.png; sourceTree = "<group>"; };
		4C98656215312109006F05EB /* animating_shape_03@2x.png */ = {isa = PBXFileReference; lastKnownFileType = image.png; path = "animating_shape_03@2x.png"; sourceTree = "<group>"; };
		4C98656315312109006F05EB /* animating_shape_04.png */ = {isa = PBXFileReference; lastKnownFileType = image.png; path = animating_shape_04.png; sourceTree = "<group>"; };
		4C98656415312109006F05EB /* animating_shape_04@2x.png */ = {isa = PBXFileReference; lastKnownFileType = image.png; path = "animating_shape_04@2x.png"; sourceTree = "<group>"; };
		4C98656D15312260006F05EB /* AnimationConfigModel.h */ = {isa = PBXFileReference; fileEncoding = 4; lastKnownFileType = sourcecode.c.h; path = AnimationConfigModel.h; sourceTree = "<group>"; };
		4C98656E15312260006F05EB /* AnimationConfigModel.m */ = {isa = PBXFileReference; fileEncoding = 4; lastKnownFileType = sourcecode.c.objc; path = AnimationConfigModel.m; sourceTree = "<group>"; };
		4C9C91FB17F7B1B00051E0BF /* MKTouchTrackingView.h */ = {isa = PBXFileReference; fileEncoding = 4; lastKnownFileType = sourcecode.c.h; path = MKTouchTrackingView.h; sourceTree = "<group>"; };
		4C9C91FC17F7B1B00051E0BF /* MKTouchTrackingView.m */ = {isa = PBXFileReference; fileEncoding = 4; lastKnownFileType = sourcecode.c.objc; path = MKTouchTrackingView.m; sourceTree = "<group>"; };
		4C9C91FE17F7B33C0051E0BF /* MKTouchTrackingAnimationView.h */ = {isa = PBXFileReference; fileEncoding = 4; lastKnownFileType = sourcecode.c.h; path = MKTouchTrackingAnimationView.h; sourceTree = "<group>"; };
		4C9C91FF17F7B33C0051E0BF /* MKTouchTrackingAnimationView.m */ = {isa = PBXFileReference; fileEncoding = 4; lastKnownFileType = sourcecode.c.objc; path = MKTouchTrackingAnimationView.m; sourceTree = "<group>"; };
		4C9C920117F7B41C0051E0BF /* TouchBeepingAnimationView.h */ = {isa = PBXFileReference; fileEncoding = 4; lastKnownFileType = sourcecode.c.h; path = TouchBeepingAnimationView.h; sourceTree = "<group>"; };
		4C9C920217F7B41C0051E0BF /* TouchBeepingAnimationView.m */ = {isa = PBXFileReference; fileEncoding = 4; lastKnownFileType = sourcecode.c.objc; path = TouchBeepingAnimationView.m; sourceTree = "<group>"; };
		4C9C920417F7B5950051E0BF /* beep-timber.aif */ = {isa = PBXFileReference; lastKnownFileType = file; path = "beep-timber.aif"; sourceTree = "<group>"; };
		4CAE1D4215A9E0CA007A9C07 /* Social.framework */ = {isa = PBXFileReference; lastKnownFileType = wrapper.framework; name = Social.framework; path = System/Library/Frameworks/Social.framework; sourceTree = SDKROOT; };
		4CAE1D4415A9E0F7007A9C07 /* MKSocialShareTableViewCell.h */ = {isa = PBXFileReference; fileEncoding = 4; lastKnownFileType = sourcecode.c.h; path = MKSocialShareTableViewCell.h; sourceTree = "<group>"; };
		4CAE1D4515A9E0F7007A9C07 /* MKSocialShareTableViewCell.m */ = {isa = PBXFileReference; fileEncoding = 4; lastKnownFileType = sourcecode.c.objc; path = MKSocialShareTableViewCell.m; sourceTree = "<group>"; };
		4CBC7023150CA17A00AE63B5 /* MKIconCheckmarkTableViewCell.h */ = {isa = PBXFileReference; fileEncoding = 4; lastKnownFileType = sourcecode.c.h; path = MKIconCheckmarkTableViewCell.h; sourceTree = "<group>"; };
		4CBC7024150CA17A00AE63B5 /* MKIconCheckmarkTableViewCell.m */ = {isa = PBXFileReference; fileEncoding = 4; lastKnownFileType = sourcecode.c.objc; path = MKIconCheckmarkTableViewCell.m; sourceTree = "<group>"; };
		4CBC7027150CA25100AE63B5 /* checkmarkicon_empty.png */ = {isa = PBXFileReference; lastKnownFileType = image.png; path = checkmarkicon_empty.png; sourceTree = "<group>"; };
		4CBC7028150CA25100AE63B5 /* checkmarkicon_empty@2x.png */ = {isa = PBXFileReference; lastKnownFileType = image.png; path = "checkmarkicon_empty@2x.png"; sourceTree = "<group>"; };
		4CBC702B150CA25100AE63B5 /* checkmarkicon_on.png */ = {isa = PBXFileReference; lastKnownFileType = image.png; path = checkmarkicon_on.png; sourceTree = "<group>"; };
		4CBC702C150CA25100AE63B5 /* checkmarkicon_on@2x.png */ = {isa = PBXFileReference; lastKnownFileType = image.png; path = "checkmarkicon_on@2x.png"; sourceTree = "<group>"; };
		4CE19BE21818D74300A459F9 /* en */ = {isa = PBXFileReference; lastKnownFileType = file.xib; name = en; path = "en.lproj/MKParentalGateViewController~ipad.xib"; sourceTree = "<group>"; };
		4CE19BE41818DDB800A459F9 /* top-dot.png */ = {isa = PBXFileReference; lastKnownFileType = image.png; path = "top-dot.png"; sourceTree = "<group>"; };
		4CE19BE51818DDB800A459F9 /* top-dot@2x.png */ = {isa = PBXFileReference; lastKnownFileType = image.png; path = "top-dot@2x.png"; sourceTree = "<group>"; };
		4CE19BE61818DDB800A459F9 /* bottom-dot.png */ = {isa = PBXFileReference; lastKnownFileType = image.png; path = "bottom-dot.png"; sourceTree = "<group>"; };
		4CE19BE71818DDB800A459F9 /* bottom-dot@2x.png */ = {isa = PBXFileReference; lastKnownFileType = image.png; path = "bottom-dot@2x.png"; sourceTree = "<group>"; };
/* End PBXFileReference section */

/* Begin PBXFrameworksBuildPhase section */
		4C1DF5D514F60B6E00AE7949 /* Frameworks */ = {
			isa = PBXFrameworksBuildPhase;
			buildActionMask = 2147483647;
			files = (
				4C1DF5DD14F60B6E00AE7949 /* UIKit.framework in Frameworks */,
				4C1DF5DF14F60B6E00AE7949 /* Foundation.framework in Frameworks */,
				4C1DF5E114F60B6E00AE7949 /* CoreGraphics.framework in Frameworks */,
				4C1DF62214F60F6000AE7949 /* QuartzCore.framework in Frameworks */,
				4C1DF62414F60FB700AE7949 /* AVFoundation.framework in Frameworks */,
				4CAE1D4315A9E0CA007A9C07 /* Social.framework in Frameworks */,
			);
			runOnlyForDeploymentPostprocessing = 0;
		};
/* End PBXFrameworksBuildPhase section */

/* Begin PBXGroup section */
		4C1DF5CD14F60B6E00AE7949 = {
			isa = PBXGroup;
			children = (
				4C1DF5E214F60B6E00AE7949 /* iPhoneMK Sample App */,
				4C1DF5DB14F60B6E00AE7949 /* Frameworks */,
				4C1DF5D914F60B6E00AE7949 /* Products */,
			);
			sourceTree = "<group>";
		};
		4C1DF5D914F60B6E00AE7949 /* Products */ = {
			isa = PBXGroup;
			children = (
				4C1DF5D814F60B6E00AE7949 /* iPhoneMK Sample App.app */,
			);
			name = Products;
			sourceTree = "<group>";
		};
		4C1DF5DB14F60B6E00AE7949 /* Frameworks */ = {
			isa = PBXGroup;
			children = (
				4C1DF62314F60FB700AE7949 /* AVFoundation.framework */,
				4C1DF62114F60F6000AE7949 /* QuartzCore.framework */,
				4C1DF5DC14F60B6E00AE7949 /* UIKit.framework */,
				4CAE1D4215A9E0CA007A9C07 /* Social.framework */,
				4C1DF5DE14F60B6E00AE7949 /* Foundation.framework */,
				4C1DF5E014F60B6E00AE7949 /* CoreGraphics.framework */,
			);
			name = Frameworks;
			sourceTree = "<group>";
		};
		4C1DF5E214F60B6E00AE7949 /* iPhoneMK Sample App */ = {
			isa = PBXGroup;
			children = (
				4C1DF5EB14F60B6E00AE7949 /* AppDelegate.h */,
				4C1DF5EC14F60B6E00AE7949 /* AppDelegate.m */,
				4C1DF5EE14F60B6E00AE7949 /* NumberBadgeViewController.h */,
				4C1DF5EF14F60B6E00AE7949 /* NumberBadgeViewController.m */,
				4C1DF5F114F60B6E00AE7949 /* first.png */,
				4C1DF5F314F60B6E00AE7949 /* first@2x.png */,
				4C1DF5FC14F60B6E00AE7949 /* NumberBadgeViewController.xib */,
				4C1DF5F514F60B6E00AE7949 /* NetworkImageViewController.h */,
				4C1DF5F614F60B6E00AE7949 /* NetworkImageViewController.m */,
				4C1DF5F814F60B6E00AE7949 /* second.png */,
				4C1DF5FA14F60B6E00AE7949 /* second@2x.png */,
				4C1DF5FF14F60B6E00AE7949 /* NetworkImageViewController.xib */,
				4C1DF62514F61C7400AE7949 /* TableViewCellsViewController.h */,
				4C1DF62614F61C7400AE7949 /* TableViewCellsViewController.m */,
				4C3FC4B2181459CB00A60DF4 /* ParentalGateSuccessViewController.h */,
				4C3FC4B3181459CB00A60DF4 /* ParentalGateSuccessViewController.m */,
				4C3FC4B4181459CB00A60DF4 /* ParentalGateSuccessViewController.xib */,
				4C1DF62814F624A500AE7949 /* third.png */,
				4C1DF62914F624A500AE7949 /* third@2x.png */,
				4CBC7027150CA25100AE63B5 /* checkmarkicon_empty.png */,
				4CBC7028150CA25100AE63B5 /* checkmarkicon_empty@2x.png */,
				4CBC702B150CA25100AE63B5 /* checkmarkicon_on.png */,
				4CBC702C150CA25100AE63B5 /* checkmarkicon_on@2x.png */,
				4C98655215311AE0006F05EB /* AnimationLayerViewController.h */,
				4C98655315311AE0006F05EB /* AnimationLayerViewController.m */,
				4C9C920117F7B41C0051E0BF /* TouchBeepingAnimationView.h */,
				4C9C920217F7B41C0051E0BF /* TouchBeepingAnimationView.m */,
				4C9C920417F7B5950051E0BF /* beep-timber.aif */,
				4C98656D15312260006F05EB /* AnimationConfigModel.h */,
				4C98656E15312260006F05EB /* AnimationConfigModel.m */,
				4C98655415311AE0006F05EB /* AnimationLayerViewController.xib */,
				4C98655B15311F74006F05EB /* AnimationConfig.plist */,
				4C98655715311F45006F05EB /* animating_shape.png */,
				4C98655815311F45006F05EB /* animating_shape@2x.png */,
				4C98655D15312108006F05EB /* animating_shape_01.png */,
				4C98655E15312108006F05EB /* animating_shape_01@2x.png */,
				4C98655F15312108006F05EB /* animating_shape_02.png */,
				4C98656015312108006F05EB /* animating_shape_02@2x.png */,
				4C98656115312109006F05EB /* animating_shape_03.png */,
				4C98656215312109006F05EB /* animating_shape_03@2x.png */,
				4C98656315312109006F05EB /* animating_shape_04.png */,
				4C98656415312109006F05EB /* animating_shape_04@2x.png */,
				4C98654815311A28006F05EB /* fourth.png */,
				4C98654915311A28006F05EB /* fourth@2x.png */,
				4C1DF60B14F60C0A00AE7949 /* TableViewCells */,
				4C1DF60F14F60C0A00AE7949 /* Views */,
				4C5304021812E44300F67459 /* Other */,
				4C1DF5E314F60B6E00AE7949 /* Supporting Files */,
			);
			path = "iPhoneMK Sample App";
			sourceTree = "<group>";
		};
		4C1DF5E314F60B6E00AE7949 /* Supporting Files */ = {
			isa = PBXGroup;
			children = (
				4C5865A3176E27E4002AA16F /* Default-568h@2x.png */,
				4C1DF5E414F60B6E00AE7949 /* iPhoneMK Sample App-Info.plist */,
				4C1DF5E514F60B6E00AE7949 /* InfoPlist.strings */,
				4C1DF5E814F60B6E00AE7949 /* main.m */,
				4C1DF5EA14F60B6E00AE7949 /* iPhoneMK Sample App-Prefix.pch */,
			);
			name = "Supporting Files";
			sourceTree = "<group>";
		};
		4C1DF60B14F60C0A00AE7949 /* TableViewCells */ = {
			isa = PBXGroup;
			children = (
				4CAE1D4015A9E090007A9C07 /* MKSocialShareTableViewCell */,
				4CBC7022150CA17A00AE63B5 /* MKIconCheckmarkTableViewCell */,
				4C1DF60C14F60C0A00AE7949 /* MKSwitchControlTableViewCell */,
			);
			name = TableViewCells;
			path = ../../TableViewCells;
			sourceTree = "<group>";
		};
		4C1DF60C14F60C0A00AE7949 /* MKSwitchControlTableViewCell */ = {
			isa = PBXGroup;
			children = (
				4C1DF60D14F60C0A00AE7949 /* MKSwitchControlTableViewCell.h */,
				4C1DF60E14F60C0A00AE7949 /* MKSwitchControlTableViewCell.m */,
			);
			path = MKSwitchControlTableViewCell;
			sourceTree = "<group>";
		};
		4C1DF60F14F60C0A00AE7949 /* Views */ = {
			isa = PBXGroup;
			children = (
				4C1DF61014F60C0A00AE7949 /* MKNetworkImageView */,
				4C1DF61314F60C0A00AE7949 /* MKNumberBadgeView */,
				4C1DF61614F60C0A00AE7949 /* MKSoundCoordinatedAnimationView */,
				4C9C91FA17F7B1870051E0BF /* MKTouchTrackingView */,
			);
			name = Views;
			path = ../../Views;
			sourceTree = "<group>";
		};
		4C1DF61014F60C0A00AE7949 /* MKNetworkImageView */ = {
			isa = PBXGroup;
			children = (
				4C1DF61114F60C0A00AE7949 /* MKNetworkImageView.h */,
				4C1DF61214F60C0A00AE7949 /* MKNetworkImageView.m */,
			);
			path = MKNetworkImageView;
			sourceTree = "<group>";
		};
		4C1DF61314F60C0A00AE7949 /* MKNumberBadgeView */ = {
			isa = PBXGroup;
			children = (
				4C1DF61414F60C0A00AE7949 /* MKNumberBadgeView.h */,
				4C1DF61514F60C0A00AE7949 /* MKNumberBadgeView.m */,
			);
			path = MKNumberBadgeView;
			sourceTree = "<group>";
		};
		4C1DF61614F60C0A00AE7949 /* MKSoundCoordinatedAnimationView */ = {
			isa = PBXGroup;
			children = (
				4C1DF61714F60C0A00AE7949 /* MKSoundCoordinatedAnimationLayer.h */,
				4C1DF61814F60C0A00AE7949 /* MKSoundCoordinatedAnimationLayer.m */,
				4C1DF61914F60C0A00AE7949 /* MKSoundCoordinatedAnimationView.h */,
				4C1DF61A14F60C0A00AE7949 /* MKSoundCoordinatedAnimationView.m */,
			);
			path = MKSoundCoordinatedAnimationView;
			sourceTree = "<group>";
		};
		4C3FC4AA1813B9C500A60DF4 /* icons */ = {
			isa = PBXGroup;
			children = (
				4CE19BE41818DDB800A459F9 /* top-dot.png */,
				4CE19BE51818DDB800A459F9 /* top-dot@2x.png */,
				4CE19BE61818DDB800A459F9 /* bottom-dot.png */,
				4CE19BE71818DDB800A459F9 /* bottom-dot@2x.png */,
				4C3FC4AB1813B9C500A60DF4 /* stop.png */,
				4C3FC4AC1813B9C500A60DF4 /* stop@2x.png */,
			);
			path = icons;
			sourceTree = "<group>";
		};
		4C5304021812E44300F67459 /* Other */ = {
			isa = PBXGroup;
			children = (
				4C5304061812E55B00F67459 /* MKParentalGate */,
			);
			name = Other;
			path = ../../Other;
			sourceTree = "<group>";
		};
		4C5304061812E55B00F67459 /* MKParentalGate */ = {
			isa = PBXGroup;
			children = (
				4C3FC4AA1813B9C500A60DF4 /* icons */,
				4C5304071812E57700F67459 /* MKParentalGate.h */,
				4C5304081812E57700F67459 /* MKParentalGate.m */,
				4C3FC4A21812EB7100A60DF4 /* MKParentalGateViewController.h */,
				4C3FC4A31812EB7100A60DF4 /* MKParentalGateViewController.m */,
				4CE19BE11818D74300A459F9 /* MKParentalGateViewController~ipad.xib */,
				4C498D8118259FA600E6754A /* MKParentalGateViewController~landscape.xib */,
				4C498D8318259FA600E6754A /* MKParentalGateViewController~portrait.xib */,
				4C3FC4A71813B4C200A60DF4 /* MKParentalGateTouchTargetView.h */,
				4C3FC4A81813B4C200A60DF4 /* MKParentalGateTouchTargetView.m */,
				4C3FC4AF181455CA00A60DF4 /* MKParentalGateTouchCancelView.h */,
				4C3FC4B0181455CA00A60DF4 /* MKParentalGateTouchCancelView.m */,
			);
			path = MKParentalGate;
			sourceTree = "<group>";
		};
		4C8FD90A15CF2620005A36C9 /* icons */ = {
			isa = PBXGroup;
			children = (
				4C8FD90D15CF2620005A36C9 /* facebook.png */,
				4C8FD90E15CF2620005A36C9 /* facebook@2x.png */,
				4C8FD91115CF2620005A36C9 /* twitter.png */,
				4C8FD91215CF2620005A36C9 /* twitter@2x.png */,
				4C8FD91715CF2620005A36C9 /* weibo.png */,
				4C8FD91815CF2620005A36C9 /* weibo@2x.png */,
			);
			path = icons;
			sourceTree = "<group>";
		};
		4C9C91FA17F7B1870051E0BF /* MKTouchTrackingView */ = {
			isa = PBXGroup;
			children = (
				4C9C91FB17F7B1B00051E0BF /* MKTouchTrackingView.h */,
				4C9C91FC17F7B1B00051E0BF /* MKTouchTrackingView.m */,
				4C9C91FE17F7B33C0051E0BF /* MKTouchTrackingAnimationView.h */,
				4C9C91FF17F7B33C0051E0BF /* MKTouchTrackingAnimationView.m */,
			);
			path = MKTouchTrackingView;
			sourceTree = "<group>";
		};
		4CAE1D4015A9E090007A9C07 /* MKSocialShareTableViewCell */ = {
			isa = PBXGroup;
			children = (
				4CAE1D4415A9E0F7007A9C07 /* MKSocialShareTableViewCell.h */,
				4CAE1D4515A9E0F7007A9C07 /* MKSocialShareTableViewCell.m */,
				4C8FD90A15CF2620005A36C9 /* icons */,
			);
			path = MKSocialShareTableViewCell;
			sourceTree = "<group>";
		};
		4CBC7022150CA17A00AE63B5 /* MKIconCheckmarkTableViewCell */ = {
			isa = PBXGroup;
			children = (
				4CBC7023150CA17A00AE63B5 /* MKIconCheckmarkTableViewCell.h */,
				4CBC7024150CA17A00AE63B5 /* MKIconCheckmarkTableViewCell.m */,
			);
			path = MKIconCheckmarkTableViewCell;
			sourceTree = "<group>";
		};
/* End PBXGroup section */

/* Begin PBXNativeTarget section */
		4C1DF5D714F60B6E00AE7949 /* iPhoneMK Sample App */ = {
			isa = PBXNativeTarget;
			buildConfigurationList = 4C1DF60414F60B6E00AE7949 /* Build configuration list for PBXNativeTarget "iPhoneMK Sample App" */;
			buildPhases = (
				4C1DF5D414F60B6E00AE7949 /* Sources */,
				4C1DF5D514F60B6E00AE7949 /* Frameworks */,
				4C1DF5D614F60B6E00AE7949 /* Resources */,
			);
			buildRules = (
			);
			dependencies = (
			);
			name = "iPhoneMK Sample App";
			productName = "iPhoneMK Sample App";
			productReference = 4C1DF5D814F60B6E00AE7949 /* iPhoneMK Sample App.app */;
			productType = "com.apple.product-type.application";
		};
/* End PBXNativeTarget section */

/* Begin PBXProject section */
		4C1DF5CF14F60B6E00AE7949 /* Project object */ = {
			isa = PBXProject;
			attributes = {
				LastUpgradeCheck = 0500;
			};
			buildConfigurationList = 4C1DF5D214F60B6E00AE7949 /* Build configuration list for PBXProject "iPhoneMK Sample App" */;
			compatibilityVersion = "Xcode 3.2";
			developmentRegion = English;
			hasScannedForEncodings = 0;
			knownRegions = (
				en,
			);
			mainGroup = 4C1DF5CD14F60B6E00AE7949;
			productRefGroup = 4C1DF5D914F60B6E00AE7949 /* Products */;
			projectDirPath = "";
			projectRoot = "";
			targets = (
				4C1DF5D714F60B6E00AE7949 /* iPhoneMK Sample App */,
			);
		};
/* End PBXProject section */

/* Begin PBXResourcesBuildPhase section */
		4C1DF5D614F60B6E00AE7949 /* Resources */ = {
			isa = PBXResourcesBuildPhase;
			buildActionMask = 2147483647;
			files = (
				4C1DF5E714F60B6E00AE7949 /* InfoPlist.strings in Resources */,
				4C1DF5F214F60B6E00AE7949 /* first.png in Resources */,
				4C1DF5F414F60B6E00AE7949 /* first@2x.png in Resources */,
				4C1DF5F914F60B6E00AE7949 /* second.png in Resources */,
				4C1DF5FB14F60B6E00AE7949 /* second@2x.png in Resources */,
				4C498D8618259FA600E6754A /* MKParentalGateViewController~portrait.xib in Resources */,
				4C1DF5FE14F60B6E00AE7949 /* NumberBadgeViewController.xib in Resources */,
				4C1DF60114F60B6E00AE7949 /* NetworkImageViewController.xib in Resources */,
				4CE19BE81818DDB800A459F9 /* top-dot.png in Resources */,
				4C1DF62A14F624A500AE7949 /* third.png in Resources */,
				4C9C920517F7B5950051E0BF /* beep-timber.aif in Resources */,
				4C1DF62B14F624A500AE7949 /* third@2x.png in Resources */,
				4C498D8518259FA600E6754A /* MKParentalGateViewController~landscape.xib in Resources */,
				4CE19BEB1818DDB800A459F9 /* bottom-dot@2x.png in Resources */,
				4CE19BEA1818DDB800A459F9 /* bottom-dot.png in Resources */,
				4CBC702D150CA25100AE63B5 /* checkmarkicon_empty.png in Resources */,
				4CBC702E150CA25100AE63B5 /* checkmarkicon_empty@2x.png in Resources */,
				4CBC7031150CA25100AE63B5 /* checkmarkicon_on.png in Resources */,
				4CBC7032150CA25100AE63B5 /* checkmarkicon_on@2x.png in Resources */,
				4C98654A15311A28006F05EB /* fourth.png in Resources */,
				4C98654B15311A28006F05EB /* fourth@2x.png in Resources */,
				4C98655615311AE0006F05EB /* AnimationLayerViewController.xib in Resources */,
				4C98655915311F45006F05EB /* animating_shape.png in Resources */,
				4C98655A15311F45006F05EB /* animating_shape@2x.png in Resources */,
				4C98655C15311F74006F05EB /* AnimationConfig.plist in Resources */,
				4C98656515312109006F05EB /* animating_shape_01.png in Resources */,
				4C3FC4AE1813B9C500A60DF4 /* stop@2x.png in Resources */,
				4C98656615312109006F05EB /* animating_shape_01@2x.png in Resources */,
				4C98656715312109006F05EB /* animating_shape_02.png in Resources */,
				4CE19BE91818DDB800A459F9 /* top-dot@2x.png in Resources */,
				4C3FC4B6181459CB00A60DF4 /* ParentalGateSuccessViewController.xib in Resources */,
				4C98656815312109006F05EB /* animating_shape_02@2x.png in Resources */,
				4C3FC4AD1813B9C500A60DF4 /* stop.png in Resources */,
				4C98656915312109006F05EB /* animating_shape_03.png in Resources */,
				4C98656A15312109006F05EB /* animating_shape_03@2x.png in Resources */,
				4C5865A4176E27E4002AA16F /* Default-568h@2x.png in Resources */,
				4C98656B15312109006F05EB /* animating_shape_04.png in Resources */,
				4C98656C15312109006F05EB /* animating_shape_04@2x.png in Resources */,
				4CE19BE31818D74300A459F9 /* MKParentalGateViewController~ipad.xib in Resources */,
				4C8FD91B15CF2620005A36C9 /* facebook.png in Resources */,
				4C8FD91C15CF2620005A36C9 /* facebook@2x.png in Resources */,
				4C8FD91F15CF2620005A36C9 /* twitter.png in Resources */,
				4C8FD92015CF2620005A36C9 /* twitter@2x.png in Resources */,
				4C8FD92515CF2620005A36C9 /* weibo.png in Resources */,
				4C8FD92615CF2620005A36C9 /* weibo@2x.png in Resources */,
			);
			runOnlyForDeploymentPostprocessing = 0;
		};
/* End PBXResourcesBuildPhase section */

/* Begin PBXSourcesBuildPhase section */
		4C1DF5D414F60B6E00AE7949 /* Sources */ = {
			isa = PBXSourcesBuildPhase;
			buildActionMask = 2147483647;
			files = (
				4C3FC4A51812EB7100A60DF4 /* MKParentalGateViewController.m in Sources */,
				4C3FC4B1181455CA00A60DF4 /* MKParentalGateTouchCancelView.m in Sources */,
				4C1DF5E914F60B6E00AE7949 /* main.m in Sources */,
				4C5304091812E57700F67459 /* MKParentalGate.m in Sources */,
				4C9C91FD17F7B1B00051E0BF /* MKTouchTrackingView.m in Sources */,
				4C9C920017F7B33C0051E0BF /* MKTouchTrackingAnimationView.m in Sources */,
				4C1DF5ED14F60B6E00AE7949 /* AppDelegate.m in Sources */,
				4C1DF5F014F60B6E00AE7949 /* NumberBadgeViewController.m in Sources */,
				4C1DF5F714F60B6E00AE7949 /* NetworkImageViewController.m in Sources */,
				4C1DF61B14F60C0A00AE7949 /* MKSwitchControlTableViewCell.m in Sources */,
				4C1DF61C14F60C0A00AE7949 /* MKNetworkImageView.m in Sources */,
				4C1DF61D14F60C0A00AE7949 /* MKNumberBadgeView.m in Sources */,
				4C1DF61E14F60C0A00AE7949 /* MKSoundCoordinatedAnimationLayer.m in Sources */,
				4C1DF61F14F60C0A00AE7949 /* MKSoundCoordinatedAnimationView.m in Sources */,
				4C1DF62714F61C7500AE7949 /* TableViewCellsViewController.m in Sources */,
				4CBC7025150CA17A00AE63B5 /* MKIconCheckmarkTableViewCell.m in Sources */,
				4C9C920317F7B41C0051E0BF /* TouchBeepingAnimationView.m in Sources */,
				4C98655515311AE0006F05EB /* AnimationLayerViewController.m in Sources */,
				4C3FC4B5181459CB00A60DF4 /* ParentalGateSuccessViewController.m in Sources */,
				4C98656F15312261006F05EB /* AnimationConfigModel.m in Sources */,
				4CAE1D4615A9E0F7007A9C07 /* MKSocialShareTableViewCell.m in Sources */,
				4C3FC4A91813B4C200A60DF4 /* MKParentalGateTouchTargetView.m in Sources */,
			);
			runOnlyForDeploymentPostprocessing = 0;
		};
/* End PBXSourcesBuildPhase section */

/* Begin PBXVariantGroup section */
		4C1DF5E514F60B6E00AE7949 /* InfoPlist.strings */ = {
			isa = PBXVariantGroup;
			children = (
				4C1DF5E614F60B6E00AE7949 /* en */,
			);
			name = InfoPlist.strings;
			sourceTree = "<group>";
		};
		4C1DF5FC14F60B6E00AE7949 /* NumberBadgeViewController.xib */ = {
			isa = PBXVariantGroup;
			children = (
				4C1DF5FD14F60B6E00AE7949 /* en */,
			);
			name = NumberBadgeViewController.xib;
			sourceTree = "<group>";
		};
		4C1DF5FF14F60B6E00AE7949 /* NetworkImageViewController.xib */ = {
			isa = PBXVariantGroup;
			children = (
				4C1DF60014F60B6E00AE7949 /* en */,
			);
			name = NetworkImageViewController.xib;
			sourceTree = "<group>";
		};
		4C498D8118259FA600E6754A /* MKParentalGateViewController~landscape.xib */ = {
			isa = PBXVariantGroup;
			children = (
				4C498D8218259FA600E6754A /* en */,
			);
			name = "MKParentalGateViewController~landscape.xib";
			sourceTree = "<group>";
		};
		4C498D8318259FA600E6754A /* MKParentalGateViewController~portrait.xib */ = {
			isa = PBXVariantGroup;
			children = (
				4C498D8418259FA600E6754A /* en */,
			);
			name = "MKParentalGateViewController~portrait.xib";
			sourceTree = "<group>";
		};
		4CE19BE11818D74300A459F9 /* MKParentalGateViewController~ipad.xib */ = {
			isa = PBXVariantGroup;
			children = (
				4CE19BE21818D74300A459F9 /* en */,
			);
			name = "MKParentalGateViewController~ipad.xib";
			sourceTree = "<group>";
		};
/* End PBXVariantGroup section */

/* Begin XCBuildConfiguration section */
		4C1DF60214F60B6E00AE7949 /* Debug */ = {
			isa = XCBuildConfiguration;
			buildSettings = {
				ALWAYS_SEARCH_USER_PATHS = NO;
				"CODE_SIGN_IDENTITY[sdk=iphoneos*]" = "iPhone Developer";
				COPY_PHASE_STRIP = NO;
				GCC_C_LANGUAGE_STANDARD = gnu99;
				GCC_DYNAMIC_NO_PIC = NO;
				GCC_OPTIMIZATION_LEVEL = 0;
				GCC_PREPROCESSOR_DEFINITIONS = (
					"DEBUG=1",
					"$(inherited)",
				);
				GCC_SYMBOLS_PRIVATE_EXTERN = NO;
				GCC_THUMB_SUPPORT = NO;
				GCC_VERSION = com.apple.compilers.llvmgcc42;
				GCC_WARN_ABOUT_MISSING_PROTOTYPES = YES;
				GCC_WARN_ABOUT_RETURN_TYPE = YES;
				GCC_WARN_UNUSED_VARIABLE = YES;
				IPHONEOS_DEPLOYMENT_TARGET = 3.1;
				ONLY_ACTIVE_ARCH = YES;
				SDKROOT = iphoneos;
			};
			name = Debug;
		};
		4C1DF60314F60B6E00AE7949 /* Release */ = {
			isa = XCBuildConfiguration;
			buildSettings = {
				ALWAYS_SEARCH_USER_PATHS = NO;
				"CODE_SIGN_IDENTITY[sdk=iphoneos*]" = "iPhone Developer";
				COPY_PHASE_STRIP = YES;
				GCC_C_LANGUAGE_STANDARD = gnu99;
				GCC_THUMB_SUPPORT = NO;
				GCC_VERSION = com.apple.compilers.llvmgcc42;
				GCC_WARN_ABOUT_MISSING_PROTOTYPES = YES;
				GCC_WARN_ABOUT_RETURN_TYPE = YES;
				GCC_WARN_UNUSED_VARIABLE = YES;
				IPHONEOS_DEPLOYMENT_TARGET = 3.1;
				OTHER_CFLAGS = "-DNS_BLOCK_ASSERTIONS=1";
				SDKROOT = iphoneos;
				VALIDATE_PRODUCT = YES;
			};
			name = Release;
		};
		4C1DF60514F60B6E00AE7949 /* Debug */ = {
			isa = XCBuildConfiguration;
			buildSettings = {
				CLANG_ENABLE_OBJC_ARC = YES;
				GCC_PRECOMPILE_PREFIX_HEADER = YES;
				GCC_PREFIX_HEADER = "iPhoneMK Sample App/iPhoneMK Sample App-Prefix.pch";
				GCC_THUMB_SUPPORT = NO;
				GCC_VERSION = com.apple.compilers.llvm.clang.1_0;
				INFOPLIST_FILE = "iPhoneMK Sample App/iPhoneMK Sample App-Info.plist";
				IPHONEOS_DEPLOYMENT_TARGET = 6.0;
				PRODUCT_NAME = "$(TARGET_NAME)";
				WRAPPER_EXTENSION = app;
			};
			name = Debug;
		};
		4C1DF60614F60B6E00AE7949 /* Release */ = {
			isa = XCBuildConfiguration;
			buildSettings = {
				CLANG_ENABLE_OBJC_ARC = YES;
				GCC_PRECOMPILE_PREFIX_HEADER = YES;
				GCC_PREFIX_HEADER = "iPhoneMK Sample App/iPhoneMK Sample App-Prefix.pch";
				GCC_THUMB_SUPPORT = NO;
				GCC_VERSION = com.apple.compilers.llvm.clang.1_0;
				INFOPLIST_FILE = "iPhoneMK Sample App/iPhoneMK Sample App-Info.plist";
				IPHONEOS_DEPLOYMENT_TARGET = 6.0;
				PRODUCT_NAME = "$(TARGET_NAME)";
				WRAPPER_EXTENSION = app;
			};
			name = Release;
		};
/* End XCBuildConfiguration section */

/* Begin XCConfigurationList section */
		4C1DF5D214F60B6E00AE7949 /* Build configuration list for PBXProject "iPhoneMK Sample App" */ = {
			isa = XCConfigurationList;
			buildConfigurations = (
				4C1DF60214F60B6E00AE7949 /* Debug */,
				4C1DF60314F60B6E00AE7949 /* Release */,
			);
			defaultConfigurationIsVisible = 0;
			defaultConfigurationName = Release;
		};
		4C1DF60414F60B6E00AE7949 /* Build configuration list for PBXNativeTarget "iPhoneMK Sample App" */ = {
			isa = XCConfigurationList;
			buildConfigurations = (
				4C1DF60514F60B6E00AE7949 /* Debug */,
				4C1DF60614F60B6E00AE7949 /* Release */,
			);
			defaultConfigurationIsVisible = 0;
			defaultConfigurationName = Release;
		};
/* End XCConfigurationList section */
	};
	rootObject = 4C1DF5CF14F60B6E00AE7949 /* Project object */;
}
